
Microsoft Visual Studio Solution File, Format Version 12.00
# Visual Studio Version 16
VisualStudioVersion = 16.0.30717.126
MinimumVisualStudioVersion = 10.0.40219.1
Project("{FAE04EC0-301F-11D3-BF4B-00C04F79EFBC}") = "CRM", "CRM\CRM.csproj", "{079B8BB8-9A79-491D-AC4E-868784CE5956}"
EndProject
Project("{FAE04EC0-301F-11D3-BF4B-00C04F79EFBC}") = "CRM.EntityFramework", "CRM.EntityFramework\CRM.EntityFramework.csproj", "{0B5003CC-E1EB-4A36-8C62-A6F81E057151}"
EndProject
Project("{FAE04EC0-301F-11D3-BF4B-00C04F79EFBC}") = "CRM.Business", "CRM.Business\CRM.Business.csproj", "{CDEAB2C6-8901-4032-AD38-C82861AECBBC}"
EndProject
Project("{FAE04EC0-301F-11D3-BF4B-00C04F79EFBC}") = "CRM.Model", "CRM.Model\CRM.Model.csproj", "{B734ED57-1409-4071-8BD7-5821571DB149}"
EndProject
Project("{FAE04EC0-301F-11D3-BF4B-00C04F79EFBC}") = "CRM.Common", "CRM.Common\CRM.Common.csproj", "{248C6C14-0909-4CFF-98B8-A740AF9331D6}"
EndProject
Global
	GlobalSection(SolutionConfigurationPlatforms) = preSolution
		Debug|Any CPU = Debug|Any CPU
		Release|Any CPU = Release|Any CPU
	EndGlobalSection
	GlobalSection(ProjectConfigurationPlatforms) = postSolution
		{079B8BB8-9A79-491D-AC4E-868784CE5956}.Debug|Any CPU.ActiveCfg = Debug|Any CPU
		{079B8BB8-9A79-491D-AC4E-868784CE5956}.Debug|Any CPU.Build.0 = Debug|Any CPU
		{079B8BB8-9A79-491D-AC4E-868784CE5956}.Release|Any CPU.ActiveCfg = Release|Any CPU
		{079B8BB8-9A79-491D-AC4E-868784CE5956}.Release|Any CPU.Build.0 = Release|Any CPU
		{0B5003CC-E1EB-4A36-8C62-A6F81E057151}.Debug|Any CPU.ActiveCfg = Debug|Any CPU
		{0B5003CC-E1EB-4A36-8C62-A6F81E057151}.Debug|Any CPU.Build.0 = Debug|Any CPU
		{0B5003CC-E1EB-4A36-8C62-A6F81E057151}.Release|Any CPU.ActiveCfg = Release|Any CPU
		{0B5003CC-E1EB-4A36-8C62-A6F81E057151}.Release|Any CPU.Build.0 = Release|Any CPU
		{CDEAB2C6-8901-4032-AD38-C82861AECBBC}.Debug|Any CPU.ActiveCfg = Debug|Any CPU
		{CDEAB2C6-8901-4032-AD38-C82861AECBBC}.Debug|Any CPU.Build.0 = Debug|Any CPU
		{CDEAB2C6-8901-4032-AD38-C82861AECBBC}.Release|Any CPU.ActiveCfg = Release|Any CPU
		{CDEAB2C6-8901-4032-AD38-C82861AECBBC}.Release|Any CPU.Build.0 = Release|Any CPU
		{B734ED57-1409-4071-8BD7-5821571DB149}.Debug|Any CPU.ActiveCfg = Debug|Any CPU
		{B734ED57-1409-4071-8BD7-5821571DB149}.Debug|Any CPU.Build.0 = Debug|Any CPU
		{B734ED57-1409-4071-8BD7-5821571DB149}.Release|Any CPU.ActiveCfg = Release|Any CPU
		{B734ED57-1409-4071-8BD7-5821571DB149}.Release|Any CPU.Build.0 = Release|Any CPU
		{248C6C14-0909-4CFF-98B8-A740AF9331D6}.Debug|Any CPU.ActiveCfg = Debug|Any CPU
		{248C6C14-0909-4CFF-98B8-A740AF9331D6}.Debug|Any CPU.Build.0 = Debug|Any CPU
		{248C6C14-0909-4CFF-98B8-A740AF9331D6}.Release|Any CPU.ActiveCfg = Release|Any CPU
		{248C6C14-0909-4CFF-98B8-A740AF9331D6}.Release|Any CPU.Build.0 = Release|Any CPU
	EndGlobalSection
	GlobalSection(SolutionProperties) = preSolution
		HideSolutionNode = FALSE
	EndGlobalSection
	GlobalSection(ExtensibilityGlobals) = postSolution
		SolutionGuid = {EAA9226E-229D-4502-B58B-FCE6028893A2}
	EndGlobalSection
EndGlobal
